
Microsoft Visual Studio Solution File, Format Version 12.00
# Visual Studio Version 17
VisualStudioVersion = 17.8.34322.80
MinimumVisualStudioVersion = 10.0.40219.1
Project("{FAE04EC0-301F-11D3-BF4B-00C04F79EFBC}") = "M3Apps", "M3Apps\M3Apps.csproj", "{28432B4B-AD53-40F7-904C-67293607F8A5}"
EndProject
Global
	GlobalSection(SolutionConfigurationPlatforms) = preSolution
		Debug|Any CPU = Debug|Any CPU
		Release|Any CPU = Release|Any CPU
	EndGlobalSection
	GlobalSection(ProjectConfigurationPlatforms) = postSolution
		{28432B4B-AD53-40F7-904C-67293607F8A5}.Debug|Any CPU.ActiveCfg = Debug|Any CPU
		{28432B4B-AD53-40F7-904C-67293607F8A5}.Debug|Any CPU.Build.0 = Debug|Any CPU
		{28432B4B-AD53-40F7-904C-67293607F8A5}.Release|Any CPU.ActiveCfg = Release|Any CPU
		{28432B4B-AD53-40F7-904C-67293607F8A5}.Release|Any CPU.Build.0 = Release|Any CPU
	EndGlobalSection
	GlobalSection(SolutionProperties) = preSolution
		HideSolutionNode = FALSE
	EndGlobalSection
	GlobalSection(ExtensibilityGlobals) = postSolution
		SolutionGuid = {70323E06-755C-4F13-9214-36514039D273}
	EndGlobalSection
EndGlobal
